<?xml version="1.0" encoding="utf-8"?>
<Project ToolsVersion="4.0" xmlns="http://schemas.microsoft.com/developer/msbuild/2003">
  <ItemGroup>
    <Filter Include="Common">
      <UniqueIdentifier>acf97a3f-c358-441e-a529-837b83f451a2</UniqueIdentifier>
    </Filter>
    <Filter Include="Assets">
      <UniqueIdentifier>dfc6eae6-eacd-4029-8c05-1ae39d65bd9f</UniqueIdentifier>
      <Extensions>ico;cur;bmp;dds;dlg;fbx;rct;bin;rgs;gif;jpg;jpeg;jpe;resx;tga;tiff;tif;png;wav;mfcribbon-ms</Extensions>
    </Filter>
  </ItemGroup>
  <ItemGroup>
    <ClInclude Include="pch.h" />
    <ClInclude Include="Game.h" />
    <ClInclude Include="StepTimer.h">
      <Filter>Common</Filter>
    </ClInclude>
    <ClInclude Include="DeviceResources.h">
      <Filter>Common</Filter>
    </ClInclude>
    <ClInclude Include="Myeffect.h" />
    <ClInclude Include="EffectManager.h" />
    <ClInclude Include="BinaryFile.h" />
  </ItemGroup>
  <ItemGroup>
    <ClCompile Include="pch.cpp" />
    <ClCompile Include="Game.cpp" />
    <ClCompile Include="Main.cpp" />
    <ClCompile Include="DeviceResources.cpp">
      <Filter>Common</Filter>
    </ClCompile>
    <ClCompile Include="MyEffect.cpp" />
    <ClCompile Include="EffectManager.cpp" />
    <ClCompile Include="BinaryFile.cpp" />
  </ItemGroup>
  <ItemGroup>
    <ResourceCompile Include="resource.rc" />
  </ItemGroup>
  <ItemGroup>
    <Image Include="directx.ico">
      <Filter>Assets</Filter>
    </Image>
    <Image Include="cup.jpg">
      <Filter>Assets</Filter>
    </Image>
  </ItemGroup>
  <ItemGroup>
    <Manifest Include="settings.manifest">
      <Filter>Assets</Filter>
    </Manifest>
  </ItemGroup>
  <ItemGroup>
    <FxCompile Include="ParticlePS.hlsl" />
    <FxCompile Include="ParticleVS.hlsl" />
    <FxCompile Include="ParticleGS.hlsl" />
  </ItemGroup>
  <ItemGroup>
    <None Include="Particle.hlsli" />
    <None Include="cup.cmo" />
  </ItemGroup>
</Project>